
Microsoft Visual Studio Solution File, Format Version 12.00
# Visual Studio Version 16
VisualStudioVersion = 16.0.31112.23
MinimumVisualStudioVersion = 10.0.40219.1
Project("{FAE04EC0-301F-11D3-BF4B-00C04F79EFBC}") = "ExampleCrud.netCore", "ExampleCrud.netCore\ExampleCrud.netCore.csproj", "{FAF7B474-49EC-43F1-AF56-6F462C6D1468}"
EndProject
Global
	GlobalSection(SolutionConfigurationPlatforms) = preSolution
		Debug|Any CPU = Debug|Any CPU
		Release|Any CPU = Release|Any CPU
	EndGlobalSection
	GlobalSection(ProjectConfigurationPlatforms) = postSolution
		{FAF7B474-49EC-43F1-AF56-6F462C6D1468}.Debug|Any CPU.ActiveCfg = Debug|Any CPU
		{FAF7B474-49EC-43F1-AF56-6F462C6D1468}.Debug|Any CPU.Build.0 = Debug|Any CPU
		{FAF7B474-49EC-43F1-AF56-6F462C6D1468}.Release|Any CPU.ActiveCfg = Release|Any CPU
		{FAF7B474-49EC-43F1-AF56-6F462C6D1468}.Release|Any CPU.Build.0 = Release|Any CPU
	EndGlobalSection
	GlobalSection(SolutionProperties) = preSolution
		HideSolutionNode = FALSE
	EndGlobalSection
	GlobalSection(ExtensibilityGlobals) = postSolution
		SolutionGuid = {215497CF-3197-432A-AC72-659069E83C26}
	EndGlobalSection
EndGlobal
